// !$*UTF8*$!
{
	archiveVersion = 1;
	classes = {
	};
	objectVersion = 46;
	objects = {

/* Begin PBXBuildFile section */
		EDCE1DEC1AAAC11B00D4AFAB /* AppDelegate.swift in Sources */ = {isa = PBXBuildFile; fileRef = EDCE1DEB1AAAC11B00D4AFAB /* AppDelegate.swift */; };
		EDCE1DEE1AAAC11B00D4AFAB /* ViewController.swift in Sources */ = {isa = PBXBuildFile; fileRef = EDCE1DED1AAAC11B00D4AFAB /* ViewController.swift */; };
		EDCE1DF11AAAC11B00D4AFAB /* Main.storyboard in Resources */ = {isa = PBXBuildFile; fileRef = EDCE1DEF1AAAC11B00D4AFAB /* Main.storyboard */; };
		EDCE1DF31AAAC11B00D4AFAB /* Images.xcassets in Resources */ = {isa = PBXBuildFile; fileRef = EDCE1DF21AAAC11B00D4AFAB /* Images.xcassets */; };
		EDCE1DF61AAAC11B00D4AFAB /* LaunchScreen.xib in Resources */ = {isa = PBXBuildFile; fileRef = EDCE1DF41AAAC11B00D4AFAB /* LaunchScreen.xib */; };
		EDCE1E021AAAC11C00D4AFAB /* OpenHackDayTests.swift in Sources */ = {isa = PBXBuildFile; fileRef = EDCE1E011AAAC11C00D4AFAB /* OpenHackDayTests.swift */; };
		EDCE1E0C1AAAC92000D4AFAB /* MediaPlayer.framework in Frameworks */ = {isa = PBXBuildFile; fileRef = EDCE1E0B1AAAC92000D4AFAB /* MediaPlayer.framework */; };
		EDCE1E0E1AAAD96700D4AFAB /* CoreBluetooth.framework in Frameworks */ = {isa = PBXBuildFile; fileRef = EDCE1E0D1AAAD96700D4AFAB /* CoreBluetooth.framework */; };
/* End PBXBuildFile section */

/* Begin PBXContainerItemProxy section */
		EDCE1DFC1AAAC11B00D4AFAB /* PBXContainerItemProxy */ = {
			isa = PBXContainerItemProxy;
			containerPortal = EDCE1DDE1AAAC11B00D4AFAB /* Project object */;
			proxyType = 1;
			remoteGlobalIDString = EDCE1DE51AAAC11B00D4AFAB;
			remoteInfo = OpenHackDay;
		};
/* End PBXContainerItemProxy section */

/* Begin PBXFileReference section */
		EDCE1DE61AAAC11B00D4AFAB /* OpenHackDay.app */ = {isa = PBXFileReference; explicitFileType = wrapper.application; includeInIndex = 0; path = OpenHackDay.app; sourceTree = BUILT_PRODUCTS_DIR; };
		EDCE1DEA1AAAC11B00D4AFAB /* Info.plist */ = {isa = PBXFileReference; lastKnownFileType = text.plist.xml; path = Info.plist; sourceTree = "<group>"; };
		EDCE1DEB1AAAC11B00D4AFAB /* AppDelegate.swift */ = {isa = PBXFileReference; lastKnownFileType = sourcecode.swift; path = AppDelegate.swift; sourceTree = "<group>"; };
		EDCE1DED1AAAC11B00D4AFAB /* ViewController.swift */ = {isa = PBXFileReference; lastKnownFileType = sourcecode.swift; path = ViewController.swift; sourceTree = "<group>"; };
		EDCE1DF01AAAC11B00D4AFAB /* Base */ = {isa = PBXFileReference; lastKnownFileType = file.storyboard; name = Base; path = Base.lproj/Main.storyboard; sourceTree = "<group>"; };
		EDCE1DF21AAAC11B00D4AFAB /* Images.xcassets */ = {isa = PBXFileReference; lastKnownFileType = folder.assetcatalog; path = Images.xcassets; sourceTree = "<group>"; };
		EDCE1DF51AAAC11B00D4AFAB /* Base */ = {isa = PBXFileReference; lastKnownFileType = file.xib; name = Base; path = Base.lproj/LaunchScreen.xib; sourceTree = "<group>"; };
		EDCE1DFB1AAAC11B00D4AFAB /* OpenHackDayTests.xctest */ = {isa = PBXFileReference; explicitFileType = wrapper.cfbundle; includeInIndex = 0; path = OpenHackDayTests.xctest; sourceTree = BUILT_PRODUCTS_DIR; };
		EDCE1E001AAAC11B00D4AFAB /* Info.plist */ = {isa = PBXFileReference; lastKnownFileType = text.plist.xml; path = Info.plist; sourceTree = "<group>"; };
		EDCE1E011AAAC11C00D4AFAB /* OpenHackDayTests.swift */ = {isa = PBXFileReference; lastKnownFileType = sourcecode.swift; path = OpenHackDayTests.swift; sourceTree = "<group>"; };
		EDCE1E0B1AAAC92000D4AFAB /* MediaPlayer.framework */ = {isa = PBXFileReference; lastKnownFileType = wrapper.framework; name = MediaPlayer.framework; path = System/Library/Frameworks/MediaPlayer.framework; sourceTree = SDKROOT; };
		EDCE1E0D1AAAD96700D4AFAB /* CoreBluetooth.framework */ = {isa = PBXFileReference; lastKnownFileType = wrapper.framework; name = CoreBluetooth.framework; path = System/Library/Frameworks/CoreBluetooth.framework; sourceTree = SDKROOT; };
/* End PBXFileReference section */

/* Begin PBXFrameworksBuildPhase section */
		EDCE1DE31AAAC11B00D4AFAB /* Frameworks */ = {
			isa = PBXFrameworksBuildPhase;
			buildActionMask = 2147483647;
			files = (
				EDCE1E0E1AAAD96700D4AFAB /* CoreBluetooth.framework in Frameworks */,
				EDCE1E0C1AAAC92000D4AFAB /* MediaPlayer.framework in Frameworks */,
			);
			runOnlyForDeploymentPostprocessing = 0;
		};
		EDCE1DF81AAAC11B00D4AFAB /* Frameworks */ = {
			isa = PBXFrameworksBuildPhase;
			buildActionMask = 2147483647;
			files = (
			);
			runOnlyForDeploymentPostprocessing = 0;
		};
/* End PBXFrameworksBuildPhase section */

/* Begin PBXGroup section */
		EDCE1DDD1AAAC11B00D4AFAB = {
			isa = PBXGroup;
			children = (
				EDCE1E0D1AAAD96700D4AFAB /* CoreBluetooth.framework */,
				EDCE1E0B1AAAC92000D4AFAB /* MediaPlayer.framework */,
				EDCE1DE81AAAC11B00D4AFAB /* OpenHackDay */,
				EDCE1DFE1AAAC11B00D4AFAB /* OpenHackDayTests */,
				EDCE1DE71AAAC11B00D4AFAB /* Products */,
			);
			sourceTree = "<group>";
		};
		EDCE1DE71AAAC11B00D4AFAB /* Products */ = {
			isa = PBXGroup;
			children = (
				EDCE1DE61AAAC11B00D4AFAB /* OpenHackDay.app */,
				EDCE1DFB1AAAC11B00D4AFAB /* OpenHackDayTests.xctest */,
			);
			name = Products;
			sourceTree = "<group>";
		};
		EDCE1DE81AAAC11B00D4AFAB /* OpenHackDay */ = {
			isa = PBXGroup;
			children = (
				EDCE1DEB1AAAC11B00D4AFAB /* AppDelegate.swift */,
				EDCE1DED1AAAC11B00D4AFAB /* ViewController.swift */,
				EDCE1DEF1AAAC11B00D4AFAB /* Main.storyboard */,
				EDCE1DF21AAAC11B00D4AFAB /* Images.xcassets */,
				EDCE1DF41AAAC11B00D4AFAB /* LaunchScreen.xib */,
				EDCE1DE91AAAC11B00D4AFAB /* Supporting Files */,
			);
			path = OpenHackDay;
			sourceTree = "<group>";
		};
		EDCE1DE91AAAC11B00D4AFAB /* Supporting Files */ = {
			isa = PBXGroup;
			children = (
				EDCE1DEA1AAAC11B00D4AFAB /* Info.plist */,
			);
			name = "Supporting Files";
			sourceTree = "<group>";
		};
		EDCE1DFE1AAAC11B00D4AFAB /* OpenHackDayTests */ = {
			isa = PBXGroup;
			children = (
				EDCE1E011AAAC11C00D4AFAB /* OpenHackDayTests.swift */,
				EDCE1DFF1AAAC11B00D4AFAB /* Supporting Files */,
			);
			path = OpenHackDayTests;
			sourceTree = "<group>";
		};
		EDCE1DFF1AAAC11B00D4AFAB /* Supporting Files */ = {
			isa = PBXGroup;
			children = (
				EDCE1E001AAAC11B00D4AFAB /* Info.plist */,
			);
			name = "Supporting Files";
			sourceTree = "<group>";
		};
/* End PBXGroup section */

/* Begin PBXNativeTarget section */
		EDCE1DE51AAAC11B00D4AFAB /* OpenHackDay */ = {
			isa = PBXNativeTarget;
			buildConfigurationList = EDCE1E051AAAC11C00D4AFAB /* Build configuration list for PBXNativeTarget "OpenHackDay" */;
			buildPhases = (
				EDCE1DE21AAAC11B00D4AFAB /* Sources */,
				EDCE1DE31AAAC11B00D4AFAB /* Frameworks */,
				EDCE1DE41AAAC11B00D4AFAB /* Resources */,
			);
			buildRules = (
			);
			dependencies = (
			);
			name = OpenHackDay;
			productName = OpenHackDay;
			productReference = EDCE1DE61AAAC11B00D4AFAB /* OpenHackDay.app */;
			productType = "com.apple.product-type.application";
		};
		EDCE1DFA1AAAC11B00D4AFAB /* OpenHackDayTests */ = {
			isa = PBXNativeTarget;
			buildConfigurationList = EDCE1E081AAAC11C00D4AFAB /* Build configuration list for PBXNativeTarget "OpenHackDayTests" */;
			buildPhases = (
				EDCE1DF71AAAC11B00D4AFAB /* Sources */,
				EDCE1DF81AAAC11B00D4AFAB /* Frameworks */,
				EDCE1DF91AAAC11B00D4AFAB /* Resources */,
			);
			buildRules = (
			);
			dependencies = (
				EDCE1DFD1AAAC11B00D4AFAB /* PBXTargetDependency */,
			);
			name = OpenHackDayTests;
			productName = OpenHackDayTests;
			productReference = EDCE1DFB1AAAC11B00D4AFAB /* OpenHackDayTests.xctest */;
			productType = "com.apple.product-type.bundle.unit-test";
		};
/* End PBXNativeTarget section */

/* Begin PBXProject section */
		EDCE1DDE1AAAC11B00D4AFAB /* Project object */ = {
			isa = PBXProject;
			attributes = {
				LastUpgradeCheck = 0620;
				ORGANIZATIONNAME = "Koji Murata";
				TargetAttributes = {
					EDCE1DE51AAAC11B00D4AFAB = {
						CreatedOnToolsVersion = 6.2;
					};
					EDCE1DFA1AAAC11B00D4AFAB = {
						CreatedOnToolsVersion = 6.2;
						TestTargetID = EDCE1DE51AAAC11B00D4AFAB;
					};
				};
			};
			buildConfigurationList = EDCE1DE11AAAC11B00D4AFAB /* Build configuration list for PBXProject "OpenHackDay" */;
			compatibilityVersion = "Xcode 3.2";
			developmentRegion = English;
			hasScannedForEncodings = 0;
			knownRegions = (
				en,
				Base,
			);
			mainGroup = EDCE1DDD1AAAC11B00D4AFAB;
			productRefGroup = EDCE1DE71AAAC11B00D4AFAB /* Products */;
			projectDirPath = "";
			projectRoot = "";
			targets = (
				EDCE1DE51AAAC11B00D4AFAB /* OpenHackDay */,
				EDCE1DFA1AAAC11B00D4AFAB /* OpenHackDayTests */,
			);
		};
/* End PBXProject section */

/* Begin PBXResourcesBuildPhase section */
		EDCE1DE41AAAC11B00D4AFAB /* Resources */ = {
			isa = PBXResourcesBuildPhase;
			buildActionMask = 2147483647;
			files = (
				EDCE1DF11AAAC11B00D4AFAB /* Main.storyboard in Resources */,
				EDCE1DF61AAAC11B00D4AFAB /* LaunchScreen.xib in Resources */,
				EDCE1DF31AAAC11B00D4AFAB /* Images.xcassets in Resources */,
			);
			runOnlyForDeploymentPostprocessing = 0;
		};
		EDCE1DF91AAAC11B00D4AFAB /* Resources */ = {
			isa = PBXResourcesBuildPhase;
			buildActionMask = 2147483647;
			files = (
			);
			runOnlyForDeploymentPostprocessing = 0;
		};
/* End PBXResourcesBuildPhase section */

/* Begin PBXSourcesBuildPhase section */
		EDCE1DE21AAAC11B00D4AFAB /* Sources */ = {
			isa = PBXSourcesBuildPhase;
			buildActionMask = 2147483647;
			files = (
				EDCE1DEE1AAAC11B00D4AFAB /* ViewController.swift in Sources */,
				EDCE1DEC1AAAC11B00D4AFAB /* AppDelegate.swift in Sources */,
			);
			runOnlyForDeploymentPostprocessing = 0;
		};
		EDCE1DF71AAAC11B00D4AFAB /* Sources */ = {
			isa = PBXSourcesBuildPhase;
			buildActionMask = 2147483647;
			files = (
				EDCE1E021AAAC11C00D4AFAB /* OpenHackDayTests.swift in Sources */,
			);
			runOnlyForDeploymentPostprocessing = 0;
		};
/* End PBXSourcesBuildPhase section */

/* Begin PBXTargetDependency section */
		EDCE1DFD1AAAC11B00D4AFAB /* PBXTargetDependency */ = {
			isa = PBXTargetDependency;
			target = EDCE1DE51AAAC11B00D4AFAB /* OpenHackDay */;
			targetProxy = EDCE1DFC1AAAC11B00D4AFAB /* PBXContainerItemProxy */;
		};
/* End PBXTargetDependency section */

/* Begin PBXVariantGroup section */
		EDCE1DEF1AAAC11B00D4AFAB /* Main.storyboard */ = {
			isa = PBXVariantGroup;
			children = (
				EDCE1DF01AAAC11B00D4AFAB /* Base */,
			);
			name = Main.storyboard;
			sourceTree = "<group>";
		};
		EDCE1DF41AAAC11B00D4AFAB /* LaunchScreen.xib */ = {
			isa = PBXVariantGroup;
			children = (
				EDCE1DF51AAAC11B00D4AFAB /* Base */,
			);
			name = LaunchScreen.xib;
			sourceTree = "<group>";
		};
/* End PBXVariantGroup section */

/* Begin XCBuildConfiguration section */
		EDCE1E031AAAC11C00D4AFAB /* Debug */ = {
			isa = XCBuildConfiguration;
			buildSettings = {
				ALWAYS_SEARCH_USER_PATHS = NO;
				CLANG_CXX_LANGUAGE_STANDARD = "gnu++0x";
				CLANG_CXX_LIBRARY = "libc++";
				CLANG_ENABLE_MODULES = YES;
				CLANG_ENABLE_OBJC_ARC = YES;
				CLANG_WARN_BOOL_CONVERSION = YES;
				CLANG_WARN_CONSTANT_CONVERSION = YES;
				CLANG_WARN_DIRECT_OBJC_ISA_USAGE = YES_ERROR;
				CLANG_WARN_EMPTY_BODY = YES;
				CLANG_WARN_ENUM_CONVERSION = YES;
				CLANG_WARN_INT_CONVERSION = YES;
				CLANG_WARN_OBJC_ROOT_CLASS = YES_ERROR;
				CLANG_WARN_UNREACHABLE_CODE = YES;
				CLANG_WARN__DUPLICATE_METHOD_MATCH = YES;
				"CODE_SIGN_IDENTITY[sdk=iphoneos*]" = "iPhone Developer";
				COPY_PHASE_STRIP = NO;
				ENABLE_STRICT_OBJC_MSGSEND = YES;
				GCC_C_LANGUAGE_STANDARD = gnu99;
				GCC_DYNAMIC_NO_PIC = NO;
				GCC_OPTIMIZATION_LEVEL = 0;
				GCC_PREPROCESSOR_DEFINITIONS = (
					"DEBUG=1",
					"$(inherited)",
				);
				GCC_SYMBOLS_PRIVATE_EXTERN = NO;
				GCC_WARN_64_TO_32_BIT_CONVERSION = YES;
				GCC_WARN_ABOUT_RETURN_TYPE = YES_ERROR;
				GCC_WARN_UNDECLARED_SELECTOR = YES;
				GCC_WARN_UNINITIALIZED_AUTOS = YES_AGGRESSIVE;
				GCC_WARN_UNUSED_FUNCTION = YES;
				GCC_WARN_UNUSED_VARIABLE = YES;
				IPHONEOS_DEPLOYMENT_TARGET = 8.2;
				MTL_ENABLE_DEBUG_INFO = YES;
				ONLY_ACTIVE_ARCH = YES;
				SDKROOT = iphoneos;
				SWIFT_OPTIMIZATION_LEVEL = "-Onone";
			};
			name = Debug;
		};
		EDCE1E041AAAC11C00D4AFAB /* Release */ = {
			isa = XCBuildConfiguration;
			buildSettings = {
				ALWAYS_SEARCH_USER_PATHS = NO;
				CLANG_CXX_LANGUAGE_STANDARD = "gnu++0x";
				CLANG_CXX_LIBRARY = "libc++";
				CLANG_ENABLE_MODULES = YES;
				CLANG_ENABLE_OBJC_ARC = YES;
				CLANG_WARN_BOOL_CONVERSION = YES;
				CLANG_WARN_CONSTANT_CONVERSION = YES;
				CLANG_WARN_DIRECT_OBJC_ISA_USAGE = YES_ERROR;
				CLANG_WARN_EMPTY_BODY = YES;
				CLANG_WARN_ENUM_CONVERSION = YES;
				CLANG_WARN_INT_CONVERSION = YES;
				CLANG_WARN_OBJC_ROOT_CLASS = YES_ERROR;
				CLANG_WARN_UNREACHABLE_CODE = YES;
				CLANG_WARN__DUPLICATE_METHOD_MATCH = YES;
				"CODE_SIGN_IDENTITY[sdk=iphoneos*]" = "iPhone Developer";
				COPY_PHASE_STRIP = NO;
				ENABLE_NS_ASSERTIONS = NO;
				ENABLE_STRICT_OBJC_MSGSEND = YES;
				GCC_C_LANGUAGE_STANDARD = gnu99;
				GCC_WARN_64_TO_32_BIT_CONVERSION = YES;
				GCC_WARN_ABOUT_RETURN_TYPE = YES_ERROR;
				GCC_WARN_UNDECLARED_SELECTOR = YES;
				GCC_WARN_UNINITIALIZED_AUTOS = YES_AGGRESSIVE;
				GCC_WARN_UNUSED_FUNCTION = YES;
				GCC_WARN_UNUSED_VARIABLE = YES;
				IPHONEOS_DEPLOYMENT_TARGET = 8.2;
				MTL_ENABLE_DEBUG_INFO = NO;
				SDKROOT = iphoneos;
				VALIDATE_PRODUCT = YES;
			};
			name = Release;
		};
		EDCE1E061AAAC11C00D4AFAB /* Debug */ = {
			isa = XCBuildConfiguration;
			buildSettings = {
				ASSETCATALOG_COMPILER_APPICON_NAME = AppIcon;
				INFOPLIST_FILE = OpenHackDay/Info.plist;
				IPHONEOS_DEPLOYMENT_TARGET = 8.1;
				LD_RUNPATH_SEARCH_PATHS = "$(inherited) @executable_path/Frameworks";
				PRODUCT_NAME = "$(TARGET_NAME)";
			};
			name = Debug;
		};
		EDCE1E071AAAC11C00D4AFAB /* Release */ = {
			isa = XCBuildConfiguration;
			buildSettings = {
				ASSETCATALOG_COMPILER_APPICON_NAME = AppIcon;
				INFOPLIST_FILE = OpenHackDay/Info.plist;
				IPHONEOS_DEPLOYMENT_TARGET = 8.1;
				LD_RUNPATH_SEARCH_PATHS = "$(inherited) @executable_path/Frameworks";
				PRODUCT_NAME = "$(TARGET_NAME)";
			};
			name = Release;
		};
		EDCE1E091AAAC11C00D4AFAB /* Debug */ = {
			isa = XCBuildConfiguration;
			buildSettings = {
				BUNDLE_LOADER = "$(TEST_HOST)";
				FRAMEWORK_SEARCH_PATHS = (
					"$(SDKROOT)/Developer/Library/Frameworks",
					"$(inherited)",
				);
				GCC_PREPROCESSOR_DEFINITIONS = (
					"DEBUG=1",
					"$(inherited)",
				);
				INFOPLIST_FILE = OpenHackDayTests/Info.plist;
				LD_RUNPATH_SEARCH_PATHS = "$(inherited) @executable_path/Frameworks @loader_path/Frameworks";
				PRODUCT_NAME = "$(TARGET_NAME)";
				TEST_HOST = "$(BUILT_PRODUCTS_DIR)/OpenHackDay.app/OpenHackDay";
			};
			name = Debug;
		};
		EDCE1E0A1AAAC11C00D4AFAB /* Release */ = {
			isa = XCBuildConfiguration;
			buildSettings = {
				BUNDLE_LOADER = "$(TEST_HOST)";
				FRAMEWORK_SEARCH_PATHS = (
					"$(SDKROOT)/Developer/Library/Frameworks",
					"$(inherited)",
				);
				INFOPLIST_FILE = OpenHackDayTests/Info.plist;
				LD_RUNPATH_SEARCH_PATHS = "$(inherited) @executable_path/Frameworks @loader_path/Frameworks";
				PRODUCT_NAME = "$(TARGET_NAME)";
				TEST_HOST = "$(BUILT_PRODUCTS_DIR)/OpenHackDay.app/OpenHackDay";
			};
			name = Release;
		};
/* End XCBuildConfiguration section */

/* Begin XCConfigurationList section */
		EDCE1DE11AAAC11B00D4AFAB /* Build configuration list for PBXProject "OpenHackDay" */ = {
			isa = XCConfigurationList;
			buildConfigurations = (
				EDCE1E031AAAC11C00D4AFAB /* Debug */,
				EDCE1E041AAAC11C00D4AFAB /* Release */,
			);
			defaultConfigurationIsVisible = 0;
			defaultConfigurationName = Release;
		};
		EDCE1E051AAAC11C00D4AFAB /* Build configuration list for PBXNativeTarget "OpenHackDay" */ = {
			isa = XCConfigurationList;
			buildConfigurations = (
				EDCE1E061AAAC11C00D4AFAB /* Debug */,
				EDCE1E071AAAC11C00D4AFAB /* Release */,
			);
			defaultConfigurationIsVisible = 0;
			defaultConfigurationName = Release;
		};
		EDCE1E081AAAC11C00D4AFAB /* Build configuration list for PBXNativeTarget "OpenHackDayTests" */ = {
			isa = XCConfigurationList;
			buildConfigurations = (
				EDCE1E091AAAC11C00D4AFAB /* Debug */,
				EDCE1E0A1AAAC11C00D4AFAB /* Release */,
			);
			defaultConfigurationIsVisible = 0;
			defaultConfigurationName = Release;
		};
/* End XCConfigurationList section */
	};
	rootObject = EDCE1DDE1AAAC11B00D4AFAB /* Project object */;
}
